
Microsoft Visual Studio Solution File, Format Version 12.00
# Visual Studio Version 16
VisualStudioVersion = 16.0.31829.152
MinimumVisualStudioVersion = 10.0.40219.1
Project("{FAE04EC0-301F-11D3-BF4B-00C04F79EFBC}") = "Homework2", "Homework2\Homework2.csproj", "{D3F71D2E-F93E-46D9-9B2C-BF79043D9334}"
EndProject
Global
	GlobalSection(SolutionConfigurationPlatforms) = preSolution
		Debug|Any CPU = Debug|Any CPU
		Release|Any CPU = Release|Any CPU
	EndGlobalSection
	GlobalSection(ProjectConfigurationPlatforms) = postSolution
		{D3F71D2E-F93E-46D9-9B2C-BF79043D9334}.Debug|Any CPU.ActiveCfg = Debug|Any CPU
		{D3F71D2E-F93E-46D9-9B2C-BF79043D9334}.Debug|Any CPU.Build.0 = Debug|Any CPU
		{D3F71D2E-F93E-46D9-9B2C-BF79043D9334}.Release|Any CPU.ActiveCfg = Release|Any CPU
		{D3F71D2E-F93E-46D9-9B2C-BF79043D9334}.Release|Any CPU.Build.0 = Release|Any CPU
	EndGlobalSection
	GlobalSection(SolutionProperties) = preSolution
		HideSolutionNode = FALSE
	EndGlobalSection
	GlobalSection(ExtensibilityGlobals) = postSolution
		SolutionGuid = {E05B0019-FF7B-4A5E-AB8F-49986453255D}
	EndGlobalSection
EndGlobal
